
Microsoft Visual Studio Solution File, Format Version 12.00
# Visual Studio Version 16
VisualStudioVersion = 16.0.30523.141
MinimumVisualStudioVersion = 10.0.40219.1
Project("{9A19103F-16F7-4668-BE54-9A1E7A4F7556}") = "DataStructures", "DataStructures\DataStructures.csproj", "{D28D20B9-8229-4CD7-A86B-4E47A78EA84F}"
EndProject
Project("{9A19103F-16F7-4668-BE54-9A1E7A4F7556}") = "DataStructures.ConsoleApp", "DataStructures.ConsoleApp\DataStructures.ConsoleApp.csproj", "{CC40E4DA-1EE6-4820-B08D-3145338EC39B}"
EndProject
Project("{9A19103F-16F7-4668-BE54-9A1E7A4F7556}") = "CustomAlgorithms", "CustomAlgorithms\CustomAlgorithms.csproj", "{5B809A39-7FA9-440A-9945-310B9C3FE5B6}"
EndProject
Project("{9A19103F-16F7-4668-BE54-9A1E7A4F7556}") = "CustomAlgorithms.Tests", "CustomAlgorithms.Tests\CustomAlgorithms.Tests.csproj", "{2C71152F-FE93-47AB-9011-96325502D9B5}"
EndProject
Project("{9A19103F-16F7-4668-BE54-9A1E7A4F7556}") = "DataStructures.Tests", "DataStructures.Tests\DataStructures.Tests.csproj", "{6B0A706C-134C-48BD-B6B0-38D64CE16D19}"
EndProject
Project("{9A19103F-16F7-4668-BE54-9A1E7A4F7556}") = "DataStructure.Tests.RandomDataGenerator", "DataStructure.Tests.RandomDataGenerator\DataStructure.Tests.RandomDataGenerator.csproj", "{E696A02D-8E5B-4D5D-A97B-16C1D101FD18}"
EndProject
Project("{FAE04EC0-301F-11D3-BF4B-00C04F79EFBC}") = "GeodeticPDA", "GeodeticPDA\GeodeticPDA.csproj", "{5E598300-8074-497E-8534-72E6FD380F18}"
EndProject
Global
	GlobalSection(SolutionConfigurationPlatforms) = preSolution
		Debug|Any CPU = Debug|Any CPU
		Release|Any CPU = Release|Any CPU
	EndGlobalSection
	GlobalSection(ProjectConfigurationPlatforms) = postSolution
		{D28D20B9-8229-4CD7-A86B-4E47A78EA84F}.Debug|Any CPU.ActiveCfg = Debug|Any CPU
		{D28D20B9-8229-4CD7-A86B-4E47A78EA84F}.Debug|Any CPU.Build.0 = Debug|Any CPU
		{D28D20B9-8229-4CD7-A86B-4E47A78EA84F}.Release|Any CPU.ActiveCfg = Release|Any CPU
		{D28D20B9-8229-4CD7-A86B-4E47A78EA84F}.Release|Any CPU.Build.0 = Release|Any CPU
		{CC40E4DA-1EE6-4820-B08D-3145338EC39B}.Debug|Any CPU.ActiveCfg = Debug|Any CPU
		{CC40E4DA-1EE6-4820-B08D-3145338EC39B}.Debug|Any CPU.Build.0 = Debug|Any CPU
		{CC40E4DA-1EE6-4820-B08D-3145338EC39B}.Release|Any CPU.ActiveCfg = Release|Any CPU
		{CC40E4DA-1EE6-4820-B08D-3145338EC39B}.Release|Any CPU.Build.0 = Release|Any CPU
		{5B809A39-7FA9-440A-9945-310B9C3FE5B6}.Debug|Any CPU.ActiveCfg = Debug|Any CPU
		{5B809A39-7FA9-440A-9945-310B9C3FE5B6}.Debug|Any CPU.Build.0 = Debug|Any CPU
		{5B809A39-7FA9-440A-9945-310B9C3FE5B6}.Release|Any CPU.ActiveCfg = Release|Any CPU
		{5B809A39-7FA9-440A-9945-310B9C3FE5B6}.Release|Any CPU.Build.0 = Release|Any CPU
		{2C71152F-FE93-47AB-9011-96325502D9B5}.Debug|Any CPU.ActiveCfg = Debug|Any CPU
		{2C71152F-FE93-47AB-9011-96325502D9B5}.Debug|Any CPU.Build.0 = Debug|Any CPU
		{2C71152F-FE93-47AB-9011-96325502D9B5}.Release|Any CPU.ActiveCfg = Release|Any CPU
		{2C71152F-FE93-47AB-9011-96325502D9B5}.Release|Any CPU.Build.0 = Release|Any CPU
		{6B0A706C-134C-48BD-B6B0-38D64CE16D19}.Debug|Any CPU.ActiveCfg = Debug|Any CPU
		{6B0A706C-134C-48BD-B6B0-38D64CE16D19}.Debug|Any CPU.Build.0 = Debug|Any CPU
		{6B0A706C-134C-48BD-B6B0-38D64CE16D19}.Release|Any CPU.ActiveCfg = Release|Any CPU
		{6B0A706C-134C-48BD-B6B0-38D64CE16D19}.Release|Any CPU.Build.0 = Release|Any CPU
		{E696A02D-8E5B-4D5D-A97B-16C1D101FD18}.Debug|Any CPU.ActiveCfg = Debug|Any CPU
		{E696A02D-8E5B-4D5D-A97B-16C1D101FD18}.Debug|Any CPU.Build.0 = Debug|Any CPU
		{E696A02D-8E5B-4D5D-A97B-16C1D101FD18}.Release|Any CPU.ActiveCfg = Release|Any CPU
		{E696A02D-8E5B-4D5D-A97B-16C1D101FD18}.Release|Any CPU.Build.0 = Release|Any CPU
		{5E598300-8074-497E-8534-72E6FD380F18}.Debug|Any CPU.ActiveCfg = Debug|Any CPU
		{5E598300-8074-497E-8534-72E6FD380F18}.Debug|Any CPU.Build.0 = Debug|Any CPU
		{5E598300-8074-497E-8534-72E6FD380F18}.Release|Any CPU.ActiveCfg = Release|Any CPU
		{5E598300-8074-497E-8534-72E6FD380F18}.Release|Any CPU.Build.0 = Release|Any CPU
	EndGlobalSection
	GlobalSection(SolutionProperties) = preSolution
		HideSolutionNode = FALSE
	EndGlobalSection
	GlobalSection(ExtensibilityGlobals) = postSolution
		SolutionGuid = {20EA93A5-E68A-4732-B3FA-95DF38995A6C}
	EndGlobalSection
EndGlobal
